
Microsoft Visual Studio Solution File, Format Version 12.00
# Visual Studio Version 17
VisualStudioVersion = 17.6.33801.468
MinimumVisualStudioVersion = 10.0.40219.1
Project("{FAE04EC0-301F-11D3-BF4B-00C04F79EFBC}") = "name-sorter", "name-sorter\name-sorter.csproj", "{37CF3E42-B1DD-491E-8478-7EB5E5934DF8}"
EndProject
Global
	GlobalSection(SolutionConfigurationPlatforms) = preSolution
		Debug|Any CPU = Debug|Any CPU
		Release|Any CPU = Release|Any CPU
	EndGlobalSection
	GlobalSection(ProjectConfigurationPlatforms) = postSolution
		{37CF3E42-B1DD-491E-8478-7EB5E5934DF8}.Debug|Any CPU.ActiveCfg = Debug|Any CPU
		{37CF3E42-B1DD-491E-8478-7EB5E5934DF8}.Debug|Any CPU.Build.0 = Debug|Any CPU
		{37CF3E42-B1DD-491E-8478-7EB5E5934DF8}.Release|Any CPU.ActiveCfg = Release|Any CPU
		{37CF3E42-B1DD-491E-8478-7EB5E5934DF8}.Release|Any CPU.Build.0 = Release|Any CPU
	EndGlobalSection
	GlobalSection(SolutionProperties) = preSolution
		HideSolutionNode = FALSE
	EndGlobalSection
	GlobalSection(ExtensibilityGlobals) = postSolution
		SolutionGuid = {D27E5D3B-D8A9-4741-939F-2FE5B9C110C8}
	EndGlobalSection
EndGlobal
